schema: '2.0'
stages:
  load_data:
    cmd: python src/load_data.py --config=params.yaml
    deps:
    - path: data_given/winequality.csv
      md5: ccc8d3507eb151f53f760d36abdef888
      size: 91998
    - path: src/get_data.py
      md5: 2dabbe8e5d3d7cf37531e3c99d6e07c4
      size: 621
    - path: src/load_data.py
      md5: b545c7e43e0e3847db4dcb80ade8f22f
      size: 571
    outs:
    - path: data/raw/winequality.csv
      md5: d98e8f2eca228c11c4de1cc96866a54d
      size: 93598
